
Microsoft Visual Studio Solution File, Format Version 12.00
# Visual Studio 15
VisualStudioVersion = 15.0.28307.1972
MinimumVisualStudioVersion = 10.0.40219.1
Project("{FAE04EC0-301F-11D3-BF4B-00C04F79EFBC}") = "Calculator1", "Calculator1\Calculator1.csproj", "{B7213CE7-1A29-4088-B99B-3A59A53A90B6}"
EndProject
Global
	GlobalSection(SolutionConfigurationPlatforms) = preSolution
		Debug|Any CPU = Debug|Any CPU
		Release|Any CPU = Release|Any CPU
	EndGlobalSection
	GlobalSection(ProjectConfigurationPlatforms) = postSolution
		{B7213CE7-1A29-4088-B99B-3A59A53A90B6}.Debug|Any CPU.ActiveCfg = Debug|Any CPU
		{B7213CE7-1A29-4088-B99B-3A59A53A90B6}.Debug|Any CPU.Build.0 = Debug|Any CPU
		{B7213CE7-1A29-4088-B99B-3A59A53A90B6}.Release|Any CPU.ActiveCfg = Release|Any CPU
		{B7213CE7-1A29-4088-B99B-3A59A53A90B6}.Release|Any CPU.Build.0 = Release|Any CPU
	EndGlobalSection
	GlobalSection(SolutionProperties) = preSolution
		HideSolutionNode = FALSE
	EndGlobalSection
	GlobalSection(ExtensibilityGlobals) = postSolution
		SolutionGuid = {E16B1315-6A2A-4981-AA10-6563995D7113}
	EndGlobalSection
EndGlobal
